
Microsoft Visual Studio Solution File, Format Version 12.00
# Visual Studio Version 16
VisualStudioVersion = 16.0.33529.622
MinimumVisualStudioVersion = 10.0.40219.1
Project("{FAE04EC0-301F-11D3-BF4B-00C04F79EFBC}") = "ConsoleAppHT1", "ConsoleAppHT1\ConsoleAppHT1.csproj", "{C60AAB6B-380B-4344-B766-6898EE93EF08}"
EndProject
Global
	GlobalSection(SolutionConfigurationPlatforms) = preSolution
		Debug|Any CPU = Debug|Any CPU
		Release|Any CPU = Release|Any CPU
	EndGlobalSection
	GlobalSection(ProjectConfigurationPlatforms) = postSolution
		{C60AAB6B-380B-4344-B766-6898EE93EF08}.Debug|Any CPU.ActiveCfg = Debug|Any CPU
		{C60AAB6B-380B-4344-B766-6898EE93EF08}.Debug|Any CPU.Build.0 = Debug|Any CPU
		{C60AAB6B-380B-4344-B766-6898EE93EF08}.Release|Any CPU.ActiveCfg = Release|Any CPU
		{C60AAB6B-380B-4344-B766-6898EE93EF08}.Release|Any CPU.Build.0 = Release|Any CPU
	EndGlobalSection
	GlobalSection(SolutionProperties) = preSolution
		HideSolutionNode = FALSE
	EndGlobalSection
	GlobalSection(ExtensibilityGlobals) = postSolution
		SolutionGuid = {14BBDD19-B24D-4902-91DB-E9EB5F96FBE1}
	EndGlobalSection
EndGlobal
